
Microsoft Visual Studio Solution File, Format Version 12.00
# Visual Studio Version 16
VisualStudioVersion = 16.0.30204.135
MinimumVisualStudioVersion = 10.0.40219.1
Project("{8BC9CEB8-8B4A-11D0-8D11-00A0C91BC942}") = "Server", "Server\Server.vcxproj", "{B1808C53-6CC5-4140-A97E-384156AF5F4B}"
EndProject
Global
	GlobalSection(SolutionConfigurationPlatforms) = preSolution
		Debug|x64 = Debug|x64
		Debug|x86 = Debug|x86
		Release|x64 = Release|x64
		Release|x86 = Release|x86
	EndGlobalSection
	GlobalSection(ProjectConfigurationPlatforms) = postSolution
		{B1808C53-6CC5-4140-A97E-384156AF5F4B}.Debug|x64.ActiveCfg = Debug|Win32
		{B1808C53-6CC5-4140-A97E-384156AF5F4B}.Debug|x86.ActiveCfg = Debug|Win32
		{B1808C53-6CC5-4140-A97E-384156AF5F4B}.Debug|x86.Build.0 = Debug|Win32
		{B1808C53-6CC5-4140-A97E-384156AF5F4B}.Release|x64.ActiveCfg = Release|Win32
		{B1808C53-6CC5-4140-A97E-384156AF5F4B}.Release|x86.ActiveCfg = Release|Win32
		{B1808C53-6CC5-4140-A97E-384156AF5F4B}.Release|x86.Build.0 = Release|Win32
	EndGlobalSection
	GlobalSection(SolutionProperties) = preSolution
		HideSolutionNode = FALSE
	EndGlobalSection
	GlobalSection(ExtensibilityGlobals) = postSolution
		SolutionGuid = {02883CCC-FCAA-4CB8-86BA-6B422E06A24B}
	EndGlobalSection
EndGlobal
